
Microsoft Visual Studio Solution File, Format Version 12.00
# Visual Studio Version 16
VisualStudioVersion = 16.0.30406.217
MinimumVisualStudioVersion = 10.0.40219.1
Project("{FAE04EC0-301F-11D3-BF4B-00C04F79EFBC}") = "EfficientDesigner", "EfficientDesigner\EfficientDesigner.csproj", "{99B81CB8-4B7D-4094-B61B-AAA87CFD709D}"
EndProject
Project("{FAE04EC0-301F-11D3-BF4B-00C04F79EFBC}") = "EfficientDesigner_Control", "EfficientDesigner_Control\EfficientDesigner_Control.csproj", "{9A54DC73-515E-484C-9EBE-0FE6AE886904}"
EndProject
Project("{FAE04EC0-301F-11D3-BF4B-00C04F79EFBC}") = "TextProject", "TextProject\TextProject.csproj", "{D3314633-3645-4ACD-9286-790721BAE7E0}"
EndProject
Global
	GlobalSection(SolutionConfigurationPlatforms) = preSolution
		Debug|Any CPU = Debug|Any CPU
		Debug|x64 = Debug|x64
		Release|Any CPU = Release|Any CPU
		Release|x64 = Release|x64
	EndGlobalSection
	GlobalSection(ProjectConfigurationPlatforms) = postSolution
		{99B81CB8-4B7D-4094-B61B-AAA87CFD709D}.Debug|Any CPU.ActiveCfg = Debug|Any CPU
		{99B81CB8-4B7D-4094-B61B-AAA87CFD709D}.Debug|Any CPU.Build.0 = Debug|Any CPU
		{99B81CB8-4B7D-4094-B61B-AAA87CFD709D}.Debug|x64.ActiveCfg = Debug|x64
		{99B81CB8-4B7D-4094-B61B-AAA87CFD709D}.Debug|x64.Build.0 = Debug|x64
		{99B81CB8-4B7D-4094-B61B-AAA87CFD709D}.Release|Any CPU.ActiveCfg = Release|Any CPU
		{99B81CB8-4B7D-4094-B61B-AAA87CFD709D}.Release|Any CPU.Build.0 = Release|Any CPU
		{99B81CB8-4B7D-4094-B61B-AAA87CFD709D}.Release|x64.ActiveCfg = Release|x64
		{99B81CB8-4B7D-4094-B61B-AAA87CFD709D}.Release|x64.Build.0 = Release|x64
		{9A54DC73-515E-484C-9EBE-0FE6AE886904}.Debug|Any CPU.ActiveCfg = Debug|Any CPU
		{9A54DC73-515E-484C-9EBE-0FE6AE886904}.Debug|Any CPU.Build.0 = Debug|Any CPU
		{9A54DC73-515E-484C-9EBE-0FE6AE886904}.Debug|x64.ActiveCfg = Debug|x64
		{9A54DC73-515E-484C-9EBE-0FE6AE886904}.Debug|x64.Build.0 = Debug|x64
		{9A54DC73-515E-484C-9EBE-0FE6AE886904}.Release|Any CPU.ActiveCfg = Release|Any CPU
		{9A54DC73-515E-484C-9EBE-0FE6AE886904}.Release|Any CPU.Build.0 = Release|Any CPU
		{9A54DC73-515E-484C-9EBE-0FE6AE886904}.Release|x64.ActiveCfg = Release|x64
		{9A54DC73-515E-484C-9EBE-0FE6AE886904}.Release|x64.Build.0 = Release|x64
		{D3314633-3645-4ACD-9286-790721BAE7E0}.Debug|Any CPU.ActiveCfg = Debug|Any CPU
		{D3314633-3645-4ACD-9286-790721BAE7E0}.Debug|Any CPU.Build.0 = Debug|Any CPU
		{D3314633-3645-4ACD-9286-790721BAE7E0}.Debug|x64.ActiveCfg = Debug|Any CPU
		{D3314633-3645-4ACD-9286-790721BAE7E0}.Debug|x64.Build.0 = Debug|Any CPU
		{D3314633-3645-4ACD-9286-790721BAE7E0}.Release|Any CPU.ActiveCfg = Release|Any CPU
		{D3314633-3645-4ACD-9286-790721BAE7E0}.Release|Any CPU.Build.0 = Release|Any CPU
		{D3314633-3645-4ACD-9286-790721BAE7E0}.Release|x64.ActiveCfg = Release|Any CPU
		{D3314633-3645-4ACD-9286-790721BAE7E0}.Release|x64.Build.0 = Release|Any CPU
	EndGlobalSection
	GlobalSection(SolutionProperties) = preSolution
		HideSolutionNode = FALSE
	EndGlobalSection
	GlobalSection(ExtensibilityGlobals) = postSolution
		SolutionGuid = {53970AD8-9967-45CA-AD34-BD138EB4AD82}
	EndGlobalSection
EndGlobal
