
Microsoft Visual Studio Solution File, Format Version 12.00
# Visual Studio Version 16
VisualStudioVersion = 16.0.30406.217
MinimumVisualStudioVersion = 10.0.40219.1
Project("{FAE04EC0-301F-11D3-BF4B-00C04F79EFBC}") = "EfficientDesigner", "EfficientDesigner\EfficientDesigner.csproj", "{99B81CB8-4B7D-4094-B61B-AAA87CFD709D}"
EndProject
Project("{9A19103F-16F7-4668-BE54-9A1E7A4F7556}") = "HandyControl_Net_GE45", "..\HandyControl\src\Net_GE45\HandyControl_Net_GE45\HandyControl_Net_GE45.csproj", "{B3805B72-C86C-459C-8A43-D24C6521E295}"
EndProject
Project("{D954291E-2A0B-460D-934E-DC6B0785DB48}") = "HandyControl_Shared", "..\HandyControl\src\Shared\HandyControl_Shared\HandyControl_Shared.shproj", "{AAC11083-FACA-405D-9197-5C1212D65656}"
EndProject
Global
	GlobalSection(SharedMSBuildProjectFiles) = preSolution
		..\HandyControl\src\Shared\HandyControl_Shared\HandyControl_Shared.projitems*{aac11083-faca-405d-9197-5c1212d65656}*SharedItemsImports = 13
		..\HandyControl\src\Shared\HandyControl_Shared\HandyControl_Shared.projitems*{b3805b72-c86c-459c-8a43-d24c6521e295}*SharedItemsImports = 5
	EndGlobalSection
	GlobalSection(SolutionConfigurationPlatforms) = preSolution
		Debug|Any CPU = Debug|Any CPU
		Release|Any CPU = Release|Any CPU
	EndGlobalSection
	GlobalSection(ProjectConfigurationPlatforms) = postSolution
		{99B81CB8-4B7D-4094-B61B-AAA87CFD709D}.Debug|Any CPU.ActiveCfg = Debug|Any CPU
		{99B81CB8-4B7D-4094-B61B-AAA87CFD709D}.Debug|Any CPU.Build.0 = Debug|Any CPU
		{99B81CB8-4B7D-4094-B61B-AAA87CFD709D}.Release|Any CPU.ActiveCfg = Release|Any CPU
		{99B81CB8-4B7D-4094-B61B-AAA87CFD709D}.Release|Any CPU.Build.0 = Release|Any CPU
		{B3805B72-C86C-459C-8A43-D24C6521E295}.Debug|Any CPU.ActiveCfg = Debug|Any CPU
		{B3805B72-C86C-459C-8A43-D24C6521E295}.Debug|Any CPU.Build.0 = Debug|Any CPU
		{B3805B72-C86C-459C-8A43-D24C6521E295}.Release|Any CPU.ActiveCfg = Release|Any CPU
		{B3805B72-C86C-459C-8A43-D24C6521E295}.Release|Any CPU.Build.0 = Release|Any CPU
	EndGlobalSection
	GlobalSection(SolutionProperties) = preSolution
		HideSolutionNode = FALSE
	EndGlobalSection
	GlobalSection(ExtensibilityGlobals) = postSolution
		SolutionGuid = {46B8DE32-28D5-4EC1-A5A5-40DCCCC6BD44}
	EndGlobalSection
EndGlobal
